
Microsoft Visual Studio Solution File, Format Version 9.00
# Visual Studio 2005
Project("{8BC9CEB8-8B4A-11D0-8D11-00A0C91BC942}") = "lab5", "lab5.vcproj", "{6BF841D2-9DD6-431F-A627-1F2646DDD855}"
EndProject
Global
	GlobalSection(SolutionConfigurationPlatforms) = preSolution
		Debug|Win32 = Debug|Win32
		Release|Win32 = Release|Win32
	EndGlobalSection
	GlobalSection(ProjectConfigurationPlatforms) = postSolution
		{6BF841D2-9DD6-431F-A627-1F2646DDD855}.Debug|Win32.ActiveCfg = Debug|Win32
		{6BF841D2-9DD6-431F-A627-1F2646DDD855}.Debug|Win32.Build.0 = Debug|Win32
		{6BF841D2-9DD6-431F-A627-1F2646DDD855}.Release|Win32.ActiveCfg = Release|Win32
		{6BF841D2-9DD6-431F-A627-1F2646DDD855}.Release|Win32.Build.0 = Release|Win32
	EndGlobalSection
	GlobalSection(SolutionProperties) = preSolution
		HideSolutionNode = FALSE
	EndGlobalSection
EndGlobal
