
Microsoft Visual Studio Solution File, Format Version 9.00
# Visual Studio 2005
Project("{8BC9CEB8-8B4A-11D0-8D11-00A0C91BC942}") = "lab9", "lab9.vcproj", "{05EACFA0-4A49-4F26-BC3E-A07BC07C98C6}"
EndProject
Global
	GlobalSection(SolutionConfigurationPlatforms) = preSolution
		Debug|Win32 = Debug|Win32
		Release|Win32 = Release|Win32
	EndGlobalSection
	GlobalSection(ProjectConfigurationPlatforms) = postSolution
		{05EACFA0-4A49-4F26-BC3E-A07BC07C98C6}.Debug|Win32.ActiveCfg = Debug|Win32
		{05EACFA0-4A49-4F26-BC3E-A07BC07C98C6}.Debug|Win32.Build.0 = Debug|Win32
		{05EACFA0-4A49-4F26-BC3E-A07BC07C98C6}.Release|Win32.ActiveCfg = Release|Win32
		{05EACFA0-4A49-4F26-BC3E-A07BC07C98C6}.Release|Win32.Build.0 = Release|Win32
	EndGlobalSection
	GlobalSection(SolutionProperties) = preSolution
		HideSolutionNode = FALSE
	EndGlobalSection
EndGlobal
